
Microsoft Visual Studio Solution File, Format Version 12.00
# Visual Studio Version 17
VisualStudioVersion = 17.6.33829.357
MinimumVisualStudioVersion = 10.0.40219.1
Project("{FAE04EC0-301F-11D3-BF4B-00C04F79EFBC}") = "FormulaErgastConsole", "FormulaErgastConsole\FormulaErgastConsole.csproj", "{387A4CC5-F021-488E-8AA0-22FBB7C661B5}"
EndProject
Project("{FAE04EC0-301F-11D3-BF4B-00C04F79EFBC}") = "ErgastModels", "ErgastModels\ErgastModels.csproj", "{BEA1C8E1-F676-4BE4-9E3D-A772E43769CE}"
EndProject
Global
	GlobalSection(SolutionConfigurationPlatforms) = preSolution
		Debug|Any CPU = Debug|Any CPU
		Release|Any CPU = Release|Any CPU
	EndGlobalSection
	GlobalSection(ProjectConfigurationPlatforms) = postSolution
		{387A4CC5-F021-488E-8AA0-22FBB7C661B5}.Debug|Any CPU.ActiveCfg = Debug|Any CPU
		{387A4CC5-F021-488E-8AA0-22FBB7C661B5}.Debug|Any CPU.Build.0 = Debug|Any CPU
		{387A4CC5-F021-488E-8AA0-22FBB7C661B5}.Release|Any CPU.ActiveCfg = Release|Any CPU
		{387A4CC5-F021-488E-8AA0-22FBB7C661B5}.Release|Any CPU.Build.0 = Release|Any CPU
		{BEA1C8E1-F676-4BE4-9E3D-A772E43769CE}.Debug|Any CPU.ActiveCfg = Debug|Any CPU
		{BEA1C8E1-F676-4BE4-9E3D-A772E43769CE}.Debug|Any CPU.Build.0 = Debug|Any CPU
		{BEA1C8E1-F676-4BE4-9E3D-A772E43769CE}.Release|Any CPU.ActiveCfg = Release|Any CPU
		{BEA1C8E1-F676-4BE4-9E3D-A772E43769CE}.Release|Any CPU.Build.0 = Release|Any CPU
	EndGlobalSection
	GlobalSection(SolutionProperties) = preSolution
		HideSolutionNode = FALSE
	EndGlobalSection
	GlobalSection(ExtensibilityGlobals) = postSolution
		SolutionGuid = {2D040314-CAFC-40F6-BBDE-8860D6A7BF13}
	EndGlobalSection
EndGlobal
